{
  "name": "bond",
  "version": "1.0.0",
  "lockfileVersion": 1,
  "requires": true,
  "dependencies": {
    "run-git-command": {
      "version": "1.2.3",
      "resolved": "https://registry.npmjs.org/run-git-command/-/run-git-command-1.2.3.tgz",
      "integrity": "sha512-S6+bEF8Pg4lM3RTJgSenA75bwiCsF2SYEYoT4czlf6EGiyMtc9nVS3uckbhD09k+aOJzKgUYo46n1YHOw+LNRg=="
    }
  }
}
